
Microsoft Visual Studio Solution File, Format Version 12.00
# Visual Studio Version 17
VisualStudioVersion = 17.5.002.0
MinimumVisualStudioVersion = 10.0.40219.1
Project("{9A19103F-16F7-4668-BE54-9A1E7A4F7556}") = "memoryhungryconsole", "memoryhungryconsole\memoryhungryconsole.csproj", "{7704206F-8F04-4F8E-B53C-74E93F174AD4}"
EndProject
Global
	GlobalSection(SolutionConfigurationPlatforms) = preSolution
		Debug|Any CPU = Debug|Any CPU
		Release|Any CPU = Release|Any CPU
	EndGlobalSection
	GlobalSection(ProjectConfigurationPlatforms) = postSolution
		{7704206F-8F04-4F8E-B53C-74E93F174AD4}.Debug|Any CPU.ActiveCfg = Debug|Any CPU
		{7704206F-8F04-4F8E-B53C-74E93F174AD4}.Debug|Any CPU.Build.0 = Debug|Any CPU
		{7704206F-8F04-4F8E-B53C-74E93F174AD4}.Release|Any CPU.ActiveCfg = Release|Any CPU
		{7704206F-8F04-4F8E-B53C-74E93F174AD4}.Release|Any CPU.Build.0 = Release|Any CPU
	EndGlobalSection
	GlobalSection(SolutionProperties) = preSolution
		HideSolutionNode = FALSE
	EndGlobalSection
	GlobalSection(ExtensibilityGlobals) = postSolution
		SolutionGuid = {EDAD3DBB-4397-462D-96CF-495D41D21A78}
	EndGlobalSection
EndGlobal
